// !$*UTF8*$!
{
	archiveVersion = 1;
	classes = {
	};
	objectVersion = 46;
	objects = {

/* Begin PBXBuildFile section */
		EBA02EBF1C5EF347003856C7 /* AppDelegate.swift in Sources */ = {isa = PBXBuildFile; fileRef = EBA02EBE1C5EF347003856C7 /* AppDelegate.swift */; };
		EBA02EC11C5EF347003856C7 /* ViewController.swift in Sources */ = {isa = PBXBuildFile; fileRef = EBA02EC01C5EF347003856C7 /* ViewController.swift */; };
		EBA02EC41C5EF347003856C7 /* Main.storyboard in Resources */ = {isa = PBXBuildFile; fileRef = EBA02EC21C5EF347003856C7 /* Main.storyboard */; };
		EBA02EC61C5EF347003856C7 /* Assets.xcassets in Resources */ = {isa = PBXBuildFile; fileRef = EBA02EC51C5EF347003856C7 /* Assets.xcassets */; };
		EBA02EC91C5EF347003856C7 /* LaunchScreen.storyboard in Resources */ = {isa = PBXBuildFile; fileRef = EBA02EC71C5EF347003856C7 /* LaunchScreen.storyboard */; };
		EBA02ED11C5EF4A0003856C7 /* YellowVC.swift in Sources */ = {isa = PBXBuildFile; fileRef = EBA02ED01C5EF4A0003856C7 /* YellowVC.swift */; };
		EBA02ED31C5EF6AA003856C7 /* GoToRootViewController.swift in Sources */ = {isa = PBXBuildFile; fileRef = EBA02ED21C5EF6AA003856C7 /* GoToRootViewController.swift */; };
/* End PBXBuildFile section */

/* Begin PBXFileReference section */
		EBA02EBB1C5EF347003856C7 /* navigationcontroller-test.app */ = {isa = PBXFileReference; explicitFileType = wrapper.application; includeInIndex = 0; path = "navigationcontroller-test.app"; sourceTree = BUILT_PRODUCTS_DIR; };
		EBA02EBE1C5EF347003856C7 /* AppDelegate.swift */ = {isa = PBXFileReference; lastKnownFileType = sourcecode.swift; path = AppDelegate.swift; sourceTree = "<group>"; };
		EBA02EC01C5EF347003856C7 /* ViewController.swift */ = {isa = PBXFileReference; lastKnownFileType = sourcecode.swift; path = ViewController.swift; sourceTree = "<group>"; };
		EBA02EC31C5EF347003856C7 /* Base */ = {isa = PBXFileReference; lastKnownFileType = file.storyboard; name = Base; path = Base.lproj/Main.storyboard; sourceTree = "<group>"; };
		EBA02EC51C5EF347003856C7 /* Assets.xcassets */ = {isa = PBXFileReference; lastKnownFileType = folder.assetcatalog; path = Assets.xcassets; sourceTree = "<group>"; };
		EBA02EC81C5EF347003856C7 /* Base */ = {isa = PBXFileReference; lastKnownFileType = file.storyboard; name = Base; path = Base.lproj/LaunchScreen.storyboard; sourceTree = "<group>"; };
		EBA02ECA1C5EF347003856C7 /* Info.plist */ = {isa = PBXFileReference; lastKnownFileType = text.plist.xml; path = Info.plist; sourceTree = "<group>"; };
		EBA02ED01C5EF4A0003856C7 /* YellowVC.swift */ = {isa = PBXFileReference; fileEncoding = 4; lastKnownFileType = sourcecode.swift; path = YellowVC.swift; sourceTree = "<group>"; };
		EBA02ED21C5EF6AA003856C7 /* GoToRootViewController.swift */ = {isa = PBXFileReference; fileEncoding = 4; lastKnownFileType = sourcecode.swift; path = GoToRootViewController.swift; sourceTree = "<group>"; };
/* End PBXFileReference section */

/* Begin PBXFrameworksBuildPhase section */
		EBA02EB81C5EF347003856C7 /* Frameworks */ = {
			isa = PBXFrameworksBuildPhase;
			buildActionMask = 2147483647;
			files = (
			);
			runOnlyForDeploymentPostprocessing = 0;
		};
/* End PBXFrameworksBuildPhase section */

/* Begin PBXGroup section */
		EBA02EB21C5EF347003856C7 = {
			isa = PBXGroup;
			children = (
				EBA02EBD1C5EF347003856C7 /* navigationcontroller-test */,
				EBA02EBC1C5EF347003856C7 /* Products */,
			);
			sourceTree = "<group>";
		};
		EBA02EBC1C5EF347003856C7 /* Products */ = {
			isa = PBXGroup;
			children = (
				EBA02EBB1C5EF347003856C7 /* navigationcontroller-test.app */,
			);
			name = Products;
			sourceTree = "<group>";
		};
		EBA02EBD1C5EF347003856C7 /* navigationcontroller-test */ = {
			isa = PBXGroup;
			children = (
				EBA02EBE1C5EF347003856C7 /* AppDelegate.swift */,
				EBA02EC01C5EF347003856C7 /* ViewController.swift */,
				EBA02EC21C5EF347003856C7 /* Main.storyboard */,
				EBA02EC51C5EF347003856C7 /* Assets.xcassets */,
				EBA02EC71C5EF347003856C7 /* LaunchScreen.storyboard */,
				EBA02ECA1C5EF347003856C7 /* Info.plist */,
				EBA02ED01C5EF4A0003856C7 /* YellowVC.swift */,
				EBA02ED21C5EF6AA003856C7 /* GoToRootViewController.swift */,
			);
			path = "navigationcontroller-test";
			sourceTree = "<group>";
		};
/* End PBXGroup section */

/* Begin PBXNativeTarget section */
		EBA02EBA1C5EF347003856C7 /* navigationcontroller-test */ = {
			isa = PBXNativeTarget;
			buildConfigurationList = EBA02ECD1C5EF347003856C7 /* Build configuration list for PBXNativeTarget "navigationcontroller-test" */;
			buildPhases = (
				EBA02EB71C5EF347003856C7 /* Sources */,
				EBA02EB81C5EF347003856C7 /* Frameworks */,
				EBA02EB91C5EF347003856C7 /* Resources */,
			);
			buildRules = (
			);
			dependencies = (
			);
			name = "navigationcontroller-test";
			productName = "navigationcontroller-test";
			productReference = EBA02EBB1C5EF347003856C7 /* navigationcontroller-test.app */;
			productType = "com.apple.product-type.application";
		};
/* End PBXNativeTarget section */

/* Begin PBXProject section */
		EBA02EB31C5EF347003856C7 /* Project object */ = {
			isa = PBXProject;
			attributes = {
				LastSwiftUpdateCheck = 0720;
				LastUpgradeCheck = 0720;
				ORGANIZATIONNAME = "Mengying Feng";
				TargetAttributes = {
					EBA02EBA1C5EF347003856C7 = {
						CreatedOnToolsVersion = 7.2;
					};
				};
			};
			buildConfigurationList = EBA02EB61C5EF347003856C7 /* Build configuration list for PBXProject "navigationcontroller-test" */;
			compatibilityVersion = "Xcode 3.2";
			developmentRegion = English;
			hasScannedForEncodings = 0;
			knownRegions = (
				en,
				Base,
			);
			mainGroup = EBA02EB21C5EF347003856C7;
			productRefGroup = EBA02EBC1C5EF347003856C7 /* Products */;
			projectDirPath = "";
			projectRoot = "";
			targets = (
				EBA02EBA1C5EF347003856C7 /* navigationcontroller-test */,
			);
		};
/* End PBXProject section */

/* Begin PBXResourcesBuildPhase section */
		EBA02EB91C5EF347003856C7 /* Resources */ = {
			isa = PBXResourcesBuildPhase;
			buildActionMask = 2147483647;
			files = (
				EBA02EC91C5EF347003856C7 /* LaunchScreen.storyboard in Resources */,
				EBA02EC61C5EF347003856C7 /* Assets.xcassets in Resources */,
				EBA02EC41C5EF347003856C7 /* Main.storyboard in Resources */,
			);
			runOnlyForDeploymentPostprocessing = 0;
		};
/* End PBXResourcesBuildPhase section */

/* Begin PBXSourcesBuildPhase section */
		EBA02EB71C5EF347003856C7 /* Sources */ = {
			isa = PBXSourcesBuildPhase;
			buildActionMask = 2147483647;
			files = (
				EBA02EC11C5EF347003856C7 /* ViewController.swift in Sources */,
				EBA02EBF1C5EF347003856C7 /* AppDelegate.swift in Sources */,
				EBA02ED11C5EF4A0003856C7 /* YellowVC.swift in Sources */,
				EBA02ED31C5EF6AA003856C7 /* GoToRootViewController.swift in Sources */,
			);
			runOnlyForDeploymentPostprocessing = 0;
		};
/* End PBXSourcesBuildPhase section */

/* Begin PBXVariantGroup section */
		EBA02EC21C5EF347003856C7 /* Main.storyboard */ = {
			isa = PBXVariantGroup;
			children = (
				EBA02EC31C5EF347003856C7 /* Base */,
			);
			name = Main.storyboard;
			sourceTree = "<group>";
		};
		EBA02EC71C5EF347003856C7 /* LaunchScreen.storyboard */ = {
			isa = PBXVariantGroup;
			children = (
				EBA02EC81C5EF347003856C7 /* Base */,
			);
			name = LaunchScreen.storyboard;
			sourceTree = "<group>";
		};
/* End PBXVariantGroup section */

/* Begin XCBuildConfiguration section */
		EBA02ECB1C5EF347003856C7 /* Debug */ = {
			isa = XCBuildConfiguration;
			buildSettings = {
				ALWAYS_SEARCH_USER_PATHS = NO;
				CLANG_CXX_LANGUAGE_STANDARD = "gnu++0x";
				CLANG_CXX_LIBRARY = "libc++";
				CLANG_ENABLE_MODULES = YES;
				CLANG_ENABLE_OBJC_ARC = YES;
				CLANG_WARN_BOOL_CONVERSION = YES;
				CLANG_WARN_CONSTANT_CONVERSION = YES;
				CLANG_WARN_DIRECT_OBJC_ISA_USAGE = YES_ERROR;
				CLANG_WARN_EMPTY_BODY = YES;
				CLANG_WARN_ENUM_CONVERSION = YES;
				CLANG_WARN_INT_CONVERSION = YES;
				CLANG_WARN_OBJC_ROOT_CLASS = YES_ERROR;
				CLANG_WARN_UNREACHABLE_CODE = YES;
				CLANG_WARN__DUPLICATE_METHOD_MATCH = YES;
				"CODE_SIGN_IDENTITY[sdk=iphoneos*]" = "iPhone Developer";
				COPY_PHASE_STRIP = NO;
				DEBUG_INFORMATION_FORMAT = dwarf;
				ENABLE_STRICT_OBJC_MSGSEND = YES;
				ENABLE_TESTABILITY = YES;
				GCC_C_LANGUAGE_STANDARD = gnu99;
				GCC_DYNAMIC_NO_PIC = NO;
				GCC_NO_COMMON_BLOCKS = YES;
				GCC_OPTIMIZATION_LEVEL = 0;
				GCC_PREPROCESSOR_DEFINITIONS = (
					"DEBUG=1",
					"$(inherited)",
				);
				GCC_WARN_64_TO_32_BIT_CONVERSION = YES;
				GCC_WARN_ABOUT_RETURN_TYPE = YES_ERROR;
				GCC_WARN_UNDECLARED_SELECTOR = YES;
				GCC_WARN_UNINITIALIZED_AUTOS = YES_AGGRESSIVE;
				GCC_WARN_UNUSED_FUNCTION = YES;
				GCC_WARN_UNUSED_VARIABLE = YES;
				IPHONEOS_DEPLOYMENT_TARGET = 9.2;
				MTL_ENABLE_DEBUG_INFO = YES;
				ONLY_ACTIVE_ARCH = YES;
				SDKROOT = iphoneos;
				SWIFT_OPTIMIZATION_LEVEL = "-Onone";
			};
			name = Debug;
		};
		EBA02ECC1C5EF347003856C7 /* Release */ = {
			isa = XCBuildConfiguration;
			buildSettings = {
				ALWAYS_SEARCH_USER_PATHS = NO;
				CLANG_CXX_LANGUAGE_STANDARD = "gnu++0x";
				CLANG_CXX_LIBRARY = "libc++";
				CLANG_ENABLE_MODULES = YES;
				CLANG_ENABLE_OBJC_ARC = YES;
				CLANG_WARN_BOOL_CONVERSION = YES;
				CLANG_WARN_CONSTANT_CONVERSION = YES;
				CLANG_WARN_DIRECT_OBJC_ISA_USAGE = YES_ERROR;
				CLANG_WARN_EMPTY_BODY = YES;
				CLANG_WARN_ENUM_CONVERSION = YES;
				CLANG_WARN_INT_CONVERSION = YES;
				CLANG_WARN_OBJC_ROOT_CLASS = YES_ERROR;
				CLANG_WARN_UNREACHABLE_CODE = YES;
				CLANG_WARN__DUPLICATE_METHOD_MATCH = YES;
				"CODE_SIGN_IDENTITY[sdk=iphoneos*]" = "iPhone Developer";
				COPY_PHASE_STRIP = NO;
				DEBUG_INFORMATION_FORMAT = "dwarf-with-dsym";
				ENABLE_NS_ASSERTIONS = NO;
				ENABLE_STRICT_OBJC_MSGSEND = YES;
				GCC_C_LANGUAGE_STANDARD = gnu99;
				GCC_NO_COMMON_BLOCKS = YES;
				GCC_WARN_64_TO_32_BIT_CONVERSION = YES;
				GCC_WARN_ABOUT_RETURN_TYPE = YES_ERROR;
				GCC_WARN_UNDECLARED_SELECTOR = YES;
				GCC_WARN_UNINITIALIZED_AUTOS = YES_AGGRESSIVE;
				GCC_WARN_UNUSED_FUNCTION = YES;
				GCC_WARN_UNUSED_VARIABLE = YES;
				IPHONEOS_DEPLOYMENT_TARGET = 9.2;
				MTL_ENABLE_DEBUG_INFO = NO;
				SDKROOT = iphoneos;
				VALIDATE_PRODUCT = YES;
			};
			name = Release;
		};
		EBA02ECE1C5EF347003856C7 /* Debug */ = {
			isa = XCBuildConfiguration;
			buildSettings = {
				ASSETCATALOG_COMPILER_APPICON_NAME = AppIcon;
				INFOPLIST_FILE = "navigationcontroller-test/Info.plist";
				LD_RUNPATH_SEARCH_PATHS = "$(inherited) @executable_path/Frameworks";
				PRODUCT_BUNDLE_IDENTIFIER = "com.emilyvon.navigationcontroller-test";
				PRODUCT_NAME = "$(TARGET_NAME)";
			};
			name = Debug;
		};
		EBA02ECF1C5EF347003856C7 /* Release */ = {
			isa = XCBuildConfiguration;
			buildSettings = {
				ASSETCATALOG_COMPILER_APPICON_NAME = AppIcon;
				INFOPLIST_FILE = "navigationcontroller-test/Info.plist";
				LD_RUNPATH_SEARCH_PATHS = "$(inherited) @executable_path/Frameworks";
				PRODUCT_BUNDLE_IDENTIFIER = "com.emilyvon.navigationcontroller-test";
				PRODUCT_NAME = "$(TARGET_NAME)";
			};
			name = Release;
		};
/* End XCBuildConfiguration section */

/* Begin XCConfigurationList section */
		EBA02EB61C5EF347003856C7 /* Build configuration list for PBXProject "navigationcontroller-test" */ = {
			isa = XCConfigurationList;
			buildConfigurations = (
				EBA02ECB1C5EF347003856C7 /* Debug */,
				EBA02ECC1C5EF347003856C7 /* Release */,
			);
			defaultConfigurationIsVisible = 0;
			defaultConfigurationName = Release;
		};
		EBA02ECD1C5EF347003856C7 /* Build configuration list for PBXNativeTarget "navigationcontroller-test" */ = {
			isa = XCConfigurationList;
			buildConfigurations = (
				EBA02ECE1C5EF347003856C7 /* Debug */,
				EBA02ECF1C5EF347003856C7 /* Release */,
			);
			defaultConfigurationIsVisible = 0;
		};
/* End XCConfigurationList section */
	};
	rootObject = EBA02EB31C5EF347003856C7 /* Project object */;
}
